
Microsoft Visual Studio Solution File, Format Version 12.00
# Visual Studio Version 17
VisualStudioVersion = 17.3.32929.385
MinimumVisualStudioVersion = 10.0.40219.1
Project("{FAE04EC0-301F-11D3-BF4B-00C04F79EFBC}") = "DockerDemo", "DockerDemo.csproj", "{415D0BCF-698B-44EA-9A39-DFF388FAD0F8}"
EndProject
Global
	GlobalSection(SolutionConfigurationPlatforms) = preSolution
		Debug|Any CPU = Debug|Any CPU
		Release|Any CPU = Release|Any CPU
	EndGlobalSection
	GlobalSection(ProjectConfigurationPlatforms) = postSolution
		{415D0BCF-698B-44EA-9A39-DFF388FAD0F8}.Debug|Any CPU.ActiveCfg = Debug|Any CPU
		{415D0BCF-698B-44EA-9A39-DFF388FAD0F8}.Debug|Any CPU.Build.0 = Debug|Any CPU
		{415D0BCF-698B-44EA-9A39-DFF388FAD0F8}.Release|Any CPU.ActiveCfg = Release|Any CPU
		{415D0BCF-698B-44EA-9A39-DFF388FAD0F8}.Release|Any CPU.Build.0 = Release|Any CPU
	EndGlobalSection
	GlobalSection(SolutionProperties) = preSolution
		HideSolutionNode = FALSE
	EndGlobalSection
	GlobalSection(ExtensibilityGlobals) = postSolution
		SolutionGuid = {A5762871-D04E-45A1-A9C3-8E6EFD15B2D8}
	EndGlobalSection
EndGlobal
